// !$*UTF8*$!
{
	archiveVersion = 1;
	classes = {
	};
	objectVersion = 46;
	objects = {

/* Begin PBXBuildFile section */
		342906F21E6BC9EA00785D6C /* TweetCell.swift in Sources */ = {isa = PBXBuildFile; fileRef = 342906F11E6BC9EA00785D6C /* TweetCell.swift */; };
		344B04431E6E77BA0049D039 /* ReplyViewController.swift in Sources */ = {isa = PBXBuildFile; fileRef = 344B04421E6E77BA0049D039 /* ReplyViewController.swift */; };
		345CC4451E654781005F67A7 /* AppDelegate.swift in Sources */ = {isa = PBXBuildFile; fileRef = 345CC4441E654781005F67A7 /* AppDelegate.swift */; };
		345CC44A1E654781005F67A7 /* Main.storyboard in Resources */ = {isa = PBXBuildFile; fileRef = 345CC4481E654781005F67A7 /* Main.storyboard */; };
		345CC44C1E654781005F67A7 /* Assets.xcassets in Resources */ = {isa = PBXBuildFile; fileRef = 345CC44B1E654781005F67A7 /* Assets.xcassets */; };
		345CC44F1E654781005F67A7 /* LaunchScreen.storyboard in Resources */ = {isa = PBXBuildFile; fileRef = 345CC44D1E654781005F67A7 /* LaunchScreen.storyboard */; };
		345CC4571E654E7F005F67A7 /* LoginViewController.swift in Sources */ = {isa = PBXBuildFile; fileRef = 345CC4561E654E7F005F67A7 /* LoginViewController.swift */; };
		345CC45C1E656248005F67A7 /* User.swift in Sources */ = {isa = PBXBuildFile; fileRef = 345CC45B1E656248005F67A7 /* User.swift */; };
		345CC45E1E65624F005F67A7 /* Tweet.swift in Sources */ = {isa = PBXBuildFile; fileRef = 345CC45D1E65624F005F67A7 /* Tweet.swift */; };
		345CC4601E65E642005F67A7 /* TwitterClient.swift in Sources */ = {isa = PBXBuildFile; fileRef = 345CC45F1E65E642005F67A7 /* TwitterClient.swift */; };
		345CC4641E65FBC0005F67A7 /* TweetsViewController.swift in Sources */ = {isa = PBXBuildFile; fileRef = 345CC4631E65FBC0005F67A7 /* TweetsViewController.swift */; };
		34CC490D1E6E512C00FD206A /* DetailsViewController.swift in Sources */ = {isa = PBXBuildFile; fileRef = 34CC490C1E6E512C00FD206A /* DetailsViewController.swift */; };
		34CC490F1E6E514D00FD206A /* ProfileViewController.swift in Sources */ = {isa = PBXBuildFile; fileRef = 34CC490E1E6E514D00FD206A /* ProfileViewController.swift */; };
		34CC49131E6E544F00FD206A /* NewTweetViewController.swift in Sources */ = {isa = PBXBuildFile; fileRef = 34CC49121E6E544F00FD206A /* NewTweetViewController.swift */; };
		5A0E1C0D3CE6B373FDA7686A /* Pods_tweeter.framework in Frameworks */ = {isa = PBXBuildFile; fileRef = E8AA00D4AD1DE48FB1F3EA56 /* Pods_tweeter.framework */; };
/* End PBXBuildFile section */

/* Begin PBXFileReference section */
		0B35FDB6B8D7DD3426FDC687 /* Pods-tweeter.release.xcconfig */ = {isa = PBXFileReference; includeInIndex = 1; lastKnownFileType = text.xcconfig; name = "Pods-tweeter.release.xcconfig"; path = "Pods/Target Support Files/Pods-tweeter/Pods-tweeter.release.xcconfig"; sourceTree = "<group>"; };
		342906F11E6BC9EA00785D6C /* TweetCell.swift */ = {isa = PBXFileReference; fileEncoding = 4; lastKnownFileType = sourcecode.swift; path = TweetCell.swift; sourceTree = "<group>"; };
		344B04421E6E77BA0049D039 /* ReplyViewController.swift */ = {isa = PBXFileReference; fileEncoding = 4; lastKnownFileType = sourcecode.swift; path = ReplyViewController.swift; sourceTree = "<group>"; };
		345CC4411E654781005F67A7 /* tweeter.app */ = {isa = PBXFileReference; explicitFileType = wrapper.application; includeInIndex = 0; path = tweeter.app; sourceTree = BUILT_PRODUCTS_DIR; };
		345CC4441E654781005F67A7 /* AppDelegate.swift */ = {isa = PBXFileReference; lastKnownFileType = sourcecode.swift; path = AppDelegate.swift; sourceTree = "<group>"; };
		345CC4491E654781005F67A7 /* Base */ = {isa = PBXFileReference; lastKnownFileType = file.storyboard; name = Base; path = Base.lproj/Main.storyboard; sourceTree = "<group>"; };
		345CC44B1E654781005F67A7 /* Assets.xcassets */ = {isa = PBXFileReference; lastKnownFileType = folder.assetcatalog; path = Assets.xcassets; sourceTree = "<group>"; };
		345CC44E1E654781005F67A7 /* Base */ = {isa = PBXFileReference; lastKnownFileType = file.storyboard; name = Base; path = Base.lproj/LaunchScreen.storyboard; sourceTree = "<group>"; };
		345CC4501E654781005F67A7 /* Info.plist */ = {isa = PBXFileReference; lastKnownFileType = text.plist.xml; path = Info.plist; sourceTree = "<group>"; };
		345CC4561E654E7F005F67A7 /* LoginViewController.swift */ = {isa = PBXFileReference; fileEncoding = 4; lastKnownFileType = sourcecode.swift; path = LoginViewController.swift; sourceTree = "<group>"; };
		345CC45B1E656248005F67A7 /* User.swift */ = {isa = PBXFileReference; fileEncoding = 4; lastKnownFileType = sourcecode.swift; path = User.swift; sourceTree = "<group>"; };
		345CC45D1E65624F005F67A7 /* Tweet.swift */ = {isa = PBXFileReference; fileEncoding = 4; lastKnownFileType = sourcecode.swift; path = Tweet.swift; sourceTree = "<group>"; };
		345CC45F1E65E642005F67A7 /* TwitterClient.swift */ = {isa = PBXFileReference; fileEncoding = 4; lastKnownFileType = sourcecode.swift; path = TwitterClient.swift; sourceTree = "<group>"; };
		345CC4631E65FBC0005F67A7 /* TweetsViewController.swift */ = {isa = PBXFileReference; fileEncoding = 4; lastKnownFileType = sourcecode.swift; path = TweetsViewController.swift; sourceTree = "<group>"; };
		34CC490C1E6E512C00FD206A /* DetailsViewController.swift */ = {isa = PBXFileReference; fileEncoding = 4; lastKnownFileType = sourcecode.swift; path = DetailsViewController.swift; sourceTree = "<group>"; };
		34CC490E1E6E514D00FD206A /* ProfileViewController.swift */ = {isa = PBXFileReference; fileEncoding = 4; lastKnownFileType = sourcecode.swift; path = ProfileViewController.swift; sourceTree = "<group>"; };
		34CC49121E6E544F00FD206A /* NewTweetViewController.swift */ = {isa = PBXFileReference; fileEncoding = 4; lastKnownFileType = sourcecode.swift; path = NewTweetViewController.swift; sourceTree = "<group>"; };
		3F00F887DDD5F17FF59546E3 /* Pods-tweeter.debug.xcconfig */ = {isa = PBXFileReference; includeInIndex = 1; lastKnownFileType = text.xcconfig; name = "Pods-tweeter.debug.xcconfig"; path = "Pods/Target Support Files/Pods-tweeter/Pods-tweeter.debug.xcconfig"; sourceTree = "<group>"; };
		E8AA00D4AD1DE48FB1F3EA56 /* Pods_tweeter.framework */ = {isa = PBXFileReference; explicitFileType = wrapper.framework; includeInIndex = 0; path = Pods_tweeter.framework; sourceTree = BUILT_PRODUCTS_DIR; };
/* End PBXFileReference section */

/* Begin PBXFrameworksBuildPhase section */
		345CC43E1E654781005F67A7 /* Frameworks */ = {
			isa = PBXFrameworksBuildPhase;
			buildActionMask = 2147483647;
			files = (
				5A0E1C0D3CE6B373FDA7686A /* Pods_tweeter.framework in Frameworks */,
			);
			runOnlyForDeploymentPostprocessing = 0;
		};
/* End PBXFrameworksBuildPhase section */

/* Begin PBXGroup section */
		345CC4381E654781005F67A7 = {
			isa = PBXGroup;
			children = (
				345CC4431E654781005F67A7 /* tweeter */,
				345CC4421E654781005F67A7 /* Products */,
				ABF80C1072B321180011E192 /* Pods */,
				C732BCADC4E5E6873FDADBBC /* Frameworks */,
			);
			sourceTree = "<group>";
		};
		345CC4421E654781005F67A7 /* Products */ = {
			isa = PBXGroup;
			children = (
				345CC4411E654781005F67A7 /* tweeter.app */,
			);
			name = Products;
			sourceTree = "<group>";
		};
		345CC4431E654781005F67A7 /* tweeter */ = {
			isa = PBXGroup;
			children = (
				345CC45A1E656204005F67A7 /* API */,
				345CC4591E6561FC005F67A7 /* View Controllers */,
				345CC4581E6561F5005F67A7 /* Models */,
				345CC4441E654781005F67A7 /* AppDelegate.swift */,
				345CC4481E654781005F67A7 /* Main.storyboard */,
				345CC44B1E654781005F67A7 /* Assets.xcassets */,
				345CC44D1E654781005F67A7 /* LaunchScreen.storyboard */,
				345CC4501E654781005F67A7 /* Info.plist */,
			);
			path = tweeter;
			sourceTree = "<group>";
		};
		345CC4581E6561F5005F67A7 /* Models */ = {
			isa = PBXGroup;
			children = (
				345CC45B1E656248005F67A7 /* User.swift */,
				345CC45D1E65624F005F67A7 /* Tweet.swift */,
			);
			name = Models;
			sourceTree = "<group>";
		};
		345CC4591E6561FC005F67A7 /* View Controllers */ = {
			isa = PBXGroup;
			children = (
				345CC4561E654E7F005F67A7 /* LoginViewController.swift */,
				345CC4631E65FBC0005F67A7 /* TweetsViewController.swift */,
				342906F11E6BC9EA00785D6C /* TweetCell.swift */,
				34CC490C1E6E512C00FD206A /* DetailsViewController.swift */,
				34CC490E1E6E514D00FD206A /* ProfileViewController.swift */,
				34CC49121E6E544F00FD206A /* NewTweetViewController.swift */,
				344B04421E6E77BA0049D039 /* ReplyViewController.swift */,
			);
			name = "View Controllers";
			sourceTree = "<group>";
		};
		345CC45A1E656204005F67A7 /* API */ = {
			isa = PBXGroup;
			children = (
				345CC45F1E65E642005F67A7 /* TwitterClient.swift */,
			);
			name = API;
			sourceTree = "<group>";
		};
		ABF80C1072B321180011E192 /* Pods */ = {
			isa = PBXGroup;
			children = (
				3F00F887DDD5F17FF59546E3 /* Pods-tweeter.debug.xcconfig */,
				0B35FDB6B8D7DD3426FDC687 /* Pods-tweeter.release.xcconfig */,
			);
			name = Pods;
			sourceTree = "<group>";
		};
		C732BCADC4E5E6873FDADBBC /* Frameworks */ = {
			isa = PBXGroup;
			children = (
				E8AA00D4AD1DE48FB1F3EA56 /* Pods_tweeter.framework */,
			);
			name = Frameworks;
			sourceTree = "<group>";
		};
/* End PBXGroup section */

/* Begin PBXNativeTarget section */
		345CC4401E654781005F67A7 /* tweeter */ = {
			isa = PBXNativeTarget;
			buildConfigurationList = 345CC4531E654781005F67A7 /* Build configuration list for PBXNativeTarget "tweeter" */;
			buildPhases = (
				3DF6A5DE4BF751FF74BDC1A6 /* [CP] Check Pods Manifest.lock */,
				345CC43D1E654781005F67A7 /* Sources */,
				345CC43E1E654781005F67A7 /* Frameworks */,
				345CC43F1E654781005F67A7 /* Resources */,
				AB4E1B7216B0E3C8648F5308 /* [CP] Embed Pods Frameworks */,
				9C597FB27326FD4639F6D895 /* [CP] Copy Pods Resources */,
			);
			buildRules = (
			);
			dependencies = (
			);
			name = tweeter;
			productName = tweeter;
			productReference = 345CC4411E654781005F67A7 /* tweeter.app */;
			productType = "com.apple.product-type.application";
		};
/* End PBXNativeTarget section */

/* Begin PBXProject section */
		345CC4391E654781005F67A7 /* Project object */ = {
			isa = PBXProject;
			attributes = {
				LastSwiftUpdateCheck = 0800;
				LastUpgradeCheck = 0800;
				ORGANIZATIONNAME = "Gates Zeng";
				TargetAttributes = {
					345CC4401E654781005F67A7 = {
						CreatedOnToolsVersion = 8.0;
						ProvisioningStyle = Automatic;
					};
				};
			};
			buildConfigurationList = 345CC43C1E654781005F67A7 /* Build configuration list for PBXProject "tweeter" */;
			compatibilityVersion = "Xcode 3.2";
			developmentRegion = English;
			hasScannedForEncodings = 0;
			knownRegions = (
				en,
				Base,
			);
			mainGroup = 345CC4381E654781005F67A7;
			productRefGroup = 345CC4421E654781005F67A7 /* Products */;
			projectDirPath = "";
			projectRoot = "";
			targets = (
				345CC4401E654781005F67A7 /* tweeter */,
			);
		};
/* End PBXProject section */

/* Begin PBXResourcesBuildPhase section */
		345CC43F1E654781005F67A7 /* Resources */ = {
			isa = PBXResourcesBuildPhase;
			buildActionMask = 2147483647;
			files = (
				345CC44F1E654781005F67A7 /* LaunchScreen.storyboard in Resources */,
				345CC44C1E654781005F67A7 /* Assets.xcassets in Resources */,
				345CC44A1E654781005F67A7 /* Main.storyboard in Resources */,
			);
			runOnlyForDeploymentPostprocessing = 0;
		};
/* End PBXResourcesBuildPhase section */

/* Begin PBXShellScriptBuildPhase section */
		3DF6A5DE4BF751FF74BDC1A6 /* [CP] Check Pods Manifest.lock */ = {
			isa = PBXShellScriptBuildPhase;
			buildActionMask = 2147483647;
			files = (
			);
			inputPaths = (
			);
			name = "[CP] Check Pods Manifest.lock";
			outputPaths = (
			);
			runOnlyForDeploymentPostprocessing = 0;
			shellPath = /bin/sh;
			shellScript = "diff \"${PODS_ROOT}/../Podfile.lock\" \"${PODS_ROOT}/Manifest.lock\" > /dev/null\nif [ $? != 0 ] ; then\n    # print error to STDERR\n    echo \"error: The sandbox is not in sync with the Podfile.lock. Run 'pod install' or update your CocoaPods installation.\" >&2\n    exit 1\nfi\n";
			showEnvVarsInLog = 0;
		};
		9C597FB27326FD4639F6D895 /* [CP] Copy Pods Resources */ = {
			isa = PBXShellScriptBuildPhase;
			buildActionMask = 2147483647;
			files = (
			);
			inputPaths = (
			);
			name = "[CP] Copy Pods Resources";
			outputPaths = (
			);
			runOnlyForDeploymentPostprocessing = 0;
			shellPath = /bin/sh;
			shellScript = "\"${SRCROOT}/Pods/Target Support Files/Pods-tweeter/Pods-tweeter-resources.sh\"\n";
			showEnvVarsInLog = 0;
		};
		AB4E1B7216B0E3C8648F5308 /* [CP] Embed Pods Frameworks */ = {
			isa = PBXShellScriptBuildPhase;
			buildActionMask = 2147483647;
			files = (
			);
			inputPaths = (
			);
			name = "[CP] Embed Pods Frameworks";
			outputPaths = (
			);
			runOnlyForDeploymentPostprocessing = 0;
			shellPath = /bin/sh;
			shellScript = "\"${SRCROOT}/Pods/Target Support Files/Pods-tweeter/Pods-tweeter-frameworks.sh\"\n";
			showEnvVarsInLog = 0;
		};
/* End PBXShellScriptBuildPhase section */

/* Begin PBXSourcesBuildPhase section */
		345CC43D1E654781005F67A7 /* Sources */ = {
			isa = PBXSourcesBuildPhase;
			buildActionMask = 2147483647;
			files = (
				345CC45C1E656248005F67A7 /* User.swift in Sources */,
				342906F21E6BC9EA00785D6C /* TweetCell.swift in Sources */,
				345CC45E1E65624F005F67A7 /* Tweet.swift in Sources */,
				34CC490D1E6E512C00FD206A /* DetailsViewController.swift in Sources */,
				345CC4641E65FBC0005F67A7 /* TweetsViewController.swift in Sources */,
				345CC4571E654E7F005F67A7 /* LoginViewController.swift in Sources */,
				34CC490F1E6E514D00FD206A /* ProfileViewController.swift in Sources */,
				345CC4601E65E642005F67A7 /* TwitterClient.swift in Sources */,
				345CC4451E654781005F67A7 /* AppDelegate.swift in Sources */,
				34CC49131E6E544F00FD206A /* NewTweetViewController.swift in Sources */,
				344B04431E6E77BA0049D039 /* ReplyViewController.swift in Sources */,
			);
			runOnlyForDeploymentPostprocessing = 0;
		};
/* End PBXSourcesBuildPhase section */

/* Begin PBXVariantGroup section */
		345CC4481E654781005F67A7 /* Main.storyboard */ = {
			isa = PBXVariantGroup;
			children = (
				345CC4491E654781005F67A7 /* Base */,
			);
			name = Main.storyboard;
			sourceTree = "<group>";
		};
		345CC44D1E654781005F67A7 /* LaunchScreen.storyboard */ = {
			isa = PBXVariantGroup;
			children = (
				345CC44E1E654781005F67A7 /* Base */,
			);
			name = LaunchScreen.storyboard;
			sourceTree = "<group>";
		};
/* End PBXVariantGroup section */

/* Begin XCBuildConfiguration section */
		345CC4511E654781005F67A7 /* Debug */ = {
			isa = XCBuildConfiguration;
			buildSettings = {
				ALWAYS_SEARCH_USER_PATHS = NO;
				CLANG_ANALYZER_NONNULL = YES;
				CLANG_CXX_LANGUAGE_STANDARD = "gnu++0x";
				CLANG_CXX_LIBRARY = "libc++";
				CLANG_ENABLE_MODULES = YES;
				CLANG_ENABLE_OBJC_ARC = YES;
				CLANG_WARN_BOOL_CONVERSION = YES;
				CLANG_WARN_CONSTANT_CONVERSION = YES;
				CLANG_WARN_DIRECT_OBJC_ISA_USAGE = YES_ERROR;
				CLANG_WARN_DOCUMENTATION_COMMENTS = YES;
				CLANG_WARN_EMPTY_BODY = YES;
				CLANG_WARN_ENUM_CONVERSION = YES;
				CLANG_WARN_INFINITE_RECURSION = YES;
				CLANG_WARN_INT_CONVERSION = YES;
				CLANG_WARN_OBJC_ROOT_CLASS = YES_ERROR;
				CLANG_WARN_SUSPICIOUS_MOVES = YES;
				CLANG_WARN_UNREACHABLE_CODE = YES;
				CLANG_WARN__DUPLICATE_METHOD_MATCH = YES;
				"CODE_SIGN_IDENTITY[sdk=iphoneos*]" = "iPhone Developer";
				COPY_PHASE_STRIP = NO;
				DEBUG_INFORMATION_FORMAT = dwarf;
				ENABLE_STRICT_OBJC_MSGSEND = YES;
				ENABLE_TESTABILITY = YES;
				GCC_C_LANGUAGE_STANDARD = gnu99;
				GCC_DYNAMIC_NO_PIC = NO;
				GCC_NO_COMMON_BLOCKS = YES;
				GCC_OPTIMIZATION_LEVEL = 0;
				GCC_PREPROCESSOR_DEFINITIONS = (
					"DEBUG=1",
					"$(inherited)",
				);
				GCC_WARN_64_TO_32_BIT_CONVERSION = YES;
				GCC_WARN_ABOUT_RETURN_TYPE = YES_ERROR;
				GCC_WARN_UNDECLARED_SELECTOR = YES;
				GCC_WARN_UNINITIALIZED_AUTOS = YES_AGGRESSIVE;
				GCC_WARN_UNUSED_FUNCTION = YES;
				GCC_WARN_UNUSED_VARIABLE = YES;
				IPHONEOS_DEPLOYMENT_TARGET = 10.0;
				MTL_ENABLE_DEBUG_INFO = YES;
				ONLY_ACTIVE_ARCH = YES;
				SDKROOT = iphoneos;
				SWIFT_ACTIVE_COMPILATION_CONDITIONS = DEBUG;
				SWIFT_OPTIMIZATION_LEVEL = "-Onone";
				TARGETED_DEVICE_FAMILY = "1,2";
			};
			name = Debug;
		};
		345CC4521E654781005F67A7 /* Release */ = {
			isa = XCBuildConfiguration;
			buildSettings = {
				ALWAYS_SEARCH_USER_PATHS = NO;
				CLANG_ANALYZER_NONNULL = YES;
				CLANG_CXX_LANGUAGE_STANDARD = "gnu++0x";
				CLANG_CXX_LIBRARY = "libc++";
				CLANG_ENABLE_MODULES = YES;
				CLANG_ENABLE_OBJC_ARC = YES;
				CLANG_WARN_BOOL_CONVERSION = YES;
				CLANG_WARN_CONSTANT_CONVERSION = YES;
				CLANG_WARN_DIRECT_OBJC_ISA_USAGE = YES_ERROR;
				CLANG_WARN_DOCUMENTATION_COMMENTS = YES;
				CLANG_WARN_EMPTY_BODY = YES;
				CLANG_WARN_ENUM_CONVERSION = YES;
				CLANG_WARN_INFINITE_RECURSION = YES;
				CLANG_WARN_INT_CONVERSION = YES;
				CLANG_WARN_OBJC_ROOT_CLASS = YES_ERROR;
				CLANG_WARN_SUSPICIOUS_MOVES = YES;
				CLANG_WARN_UNREACHABLE_CODE = YES;
				CLANG_WARN__DUPLICATE_METHOD_MATCH = YES;
				"CODE_SIGN_IDENTITY[sdk=iphoneos*]" = "iPhone Developer";
				COPY_PHASE_STRIP = NO;
				DEBUG_INFORMATION_FORMAT = "dwarf-with-dsym";
				ENABLE_NS_ASSERTIONS = NO;
				ENABLE_STRICT_OBJC_MSGSEND = YES;
				GCC_C_LANGUAGE_STANDARD = gnu99;
				GCC_NO_COMMON_BLOCKS = YES;
				GCC_WARN_64_TO_32_BIT_CONVERSION = YES;
				GCC_WARN_ABOUT_RETURN_TYPE = YES_ERROR;
				GCC_WARN_UNDECLARED_SELECTOR = YES;
				GCC_WARN_UNINITIALIZED_AUTOS = YES_AGGRESSIVE;
				GCC_WARN_UNUSED_FUNCTION = YES;
				GCC_WARN_UNUSED_VARIABLE = YES;
				IPHONEOS_DEPLOYMENT_TARGET = 10.0;
				MTL_ENABLE_DEBUG_INFO = NO;
				SDKROOT = iphoneos;
				SWIFT_OPTIMIZATION_LEVEL = "-Owholemodule";
				TARGETED_DEVICE_FAMILY = "1,2";
				VALIDATE_PRODUCT = YES;
			};
			name = Release;
		};
		345CC4541E654781005F67A7 /* Debug */ = {
			isa = XCBuildConfiguration;
			baseConfigurationReference = 3F00F887DDD5F17FF59546E3 /* Pods-tweeter.debug.xcconfig */;
			buildSettings = {
				ASSETCATALOG_COMPILER_APPICON_NAME = AppIcon;
				INFOPLIST_FILE = tweeter/Info.plist;
				LD_RUNPATH_SEARCH_PATHS = "$(inherited) @executable_path/Frameworks";
				PRODUCT_BUNDLE_IDENTIFIER = com.gateszeng.tweeter;
				PRODUCT_NAME = "$(TARGET_NAME)";
				SWIFT_VERSION = 3.0;
			};
			name = Debug;
		};
		345CC4551E654781005F67A7 /* Release */ = {
			isa = XCBuildConfiguration;
			baseConfigurationReference = 0B35FDB6B8D7DD3426FDC687 /* Pods-tweeter.release.xcconfig */;
			buildSettings = {
				ASSETCATALOG_COMPILER_APPICON_NAME = AppIcon;
				INFOPLIST_FILE = tweeter/Info.plist;
				LD_RUNPATH_SEARCH_PATHS = "$(inherited) @executable_path/Frameworks";
				PRODUCT_BUNDLE_IDENTIFIER = com.gateszeng.tweeter;
				PRODUCT_NAME = "$(TARGET_NAME)";
				SWIFT_VERSION = 3.0;
			};
			name = Release;
		};
/* End XCBuildConfiguration section */

/* Begin XCConfigurationList section */
		345CC43C1E654781005F67A7 /* Build configuration list for PBXProject "tweeter" */ = {
			isa = XCConfigurationList;
			buildConfigurations = (
				345CC4511E654781005F67A7 /* Debug */,
				345CC4521E654781005F67A7 /* Release */,
			);
			defaultConfigurationIsVisible = 0;
			defaultConfigurationName = Release;
		};
		345CC4531E654781005F67A7 /* Build configuration list for PBXNativeTarget "tweeter" */ = {
			isa = XCConfigurationList;
			buildConfigurations = (
				345CC4541E654781005F67A7 /* Debug */,
				345CC4551E654781005F67A7 /* Release */,
			);
			defaultConfigurationIsVisible = 0;
			defaultConfigurationName = Release;
		};
/* End XCConfigurationList section */
	};
	rootObject = 345CC4391E654781005F67A7 /* Project object */;
}
